# This file is automatically @generated by Poetry 1.6.1 and should not be changed by hand.

[[package]]
name = "jsonref"
version = "1.1.0"
description = "jsonref is a library for automatic dereferencing of JSON Reference objects for Python."
optional = true
python-versions = ">=3.7"
files = [
    {file = "jsonref-1.1.0-py3-none-any.whl", hash = "sha256:590dc7773df6c21cbf948b5dac07a72a251db28b0238ceecce0a2abfa8ec30a9"},
    {file = "jsonref-1.1.0.tar.gz", hash = "sha256:32fe8e1d85af0fdefbebce950af85590b22b60f9e95443176adbde4e1ecea552"},
]

[[package]]
name = "natsort"
version = "8.4.0"
description = "Simple yet flexible natural sorting in Python."
optional = false
python-versions = ">=3.7"
files = [
    {file = "natsort-8.4.0-py3-none-any.whl", hash = "sha256:4732914fb471f56b5cce04d7bae6f164a592c7712e1c85f9ef585e197299521c"},
    {file = "natsort-8.4.0.tar.gz", hash = "sha256:45312c4a0e5507593da193dedd04abb1469253b601ecaf63445ad80f0a1ea581"},
]

[package.extras]
fast = ["fastnumbers (>=2.0.0)"]
icu = ["PyICU (>=1.0.0)"]

[[package]]
name = "numpy"
version = "1.25.2"
description = "Fundamental package for array computing in Python"
optional = true
python-versions = ">=3.9"
files = [
    {file = "numpy-1.25.2-cp310-cp310-macosx_10_9_x86_64.whl", hash = "sha256:db3ccc4e37a6873045580d413fe79b68e47a681af8db2e046f1dacfa11f86eb3"},
    {file = "numpy-1.25.2-cp310-cp310-macosx_11_0_arm64.whl", hash = "sha256:90319e4f002795ccfc9050110bbbaa16c944b1c37c0baeea43c5fb881693ae1f"},
    {file = "numpy-1.25.2-cp310-cp310-manylinux_2_17_aarch64.manylinux2014_aarch64.whl", hash = "sha256:dfe4a913e29b418d096e696ddd422d8a5d13ffba4ea91f9f60440a3b759b0187"},
    {file = "numpy-1.25.2-cp310-cp310-manylinux_2_17_x86_64.manylinux2014_x86_64.whl", hash = "sha256:f08f2e037bba04e707eebf4bc934f1972a315c883a9e0ebfa8a7756eabf9e357"},
    {file = "numpy-1.25.2-cp310-cp310-musllinux_1_1_x86_64.whl", hash = "sha256:bec1e7213c7cb00d67093247f8c4db156fd03075f49876957dca4711306d39c9"},
    {file = "numpy-1.25.2-cp310-cp310-win32.whl", hash = "sha256:7dc869c0c75988e1c693d0e2d5b26034644399dd929bc049db55395b1379e044"},
    {file = "numpy-1.25.2-cp310-cp310-win_amd64.whl", hash = "sha256:834b386f2b8210dca38c71a6e0f4fd6922f7d3fcff935dbe3a570945acb1b545"},
    {file = "numpy-1.25.2-cp311-cp311-macosx_10_9_x86_64.whl", hash = "sha256:c5462d19336db4560041517dbb7759c21d181a67cb01b36ca109b2ae37d32418"},
    {file = "numpy-1.25.2-cp311-cp311-macosx_11_0_arm64.whl", hash = "sha256:c5652ea24d33585ea39eb6a6a15dac87a1206a692719ff45d53c5282e66d4a8f"},
    {file = "numpy-1.25.2-cp311-cp311-manylinux_2_17_aarch64.manylinux2014_aarch64.whl", hash = "sha256:0d60fbae8e0019865fc4784745814cff1c421df5afee233db6d88ab4f14655a2"},
    {file = "numpy-1.25.2-cp311-cp311-manylinux_2_17_x86_64.manylinux2014_x86_64.whl", hash = "sha256:60e7f0f7f6d0eee8364b9a6304c2845b9c491ac706048c7e8cf47b83123b8dbf"},
    {file = "numpy-1.25.2-cp311-cp311-musllinux_1_1_x86_64.whl", hash = "sha256:bb33d5a1cf360304754913a350edda36d5b8c5331a8237268c48f91253c3a364"},
    {file = "numpy-1.25.2-cp311-cp311-win32.whl", hash = "sha256:5883c06bb92f2e6c8181df7b39971a5fb436288db58b5a1c3967702d4278691d"},
    {file = "numpy-1.25.2-cp311-cp311-win_amd64.whl", hash = "sha256:5c97325a0ba6f9d041feb9390924614b60b99209a71a69c876f71052521d42a4"},
    {file = "numpy-1.25.2-cp39-cp39-macosx_10_9_x86_64.whl", hash = "sha256:b79e513d7aac42ae918db3ad1341a015488530d0bb2a6abcbdd10a3a829ccfd3"},
    {file = "numpy-1.25.2-cp39-cp39-macosx_11_0_arm64.whl", hash = "sha256:eb942bfb6f84df5ce05dbf4b46673ffed0d3da59f13635ea9b926af3deb76926"},
    {file = "numpy-1.25.2-cp39-cp39-manylinux_2_17_aarch64.manylinux2014_aarch64.whl", hash = "sha256:3e0746410e73384e70d286f93abf2520035250aad8c5714240b0492a7302fdca"},
    {file = "numpy-1.25.2-cp39-cp39-manylinux_2_17_x86_64.manylinux2014_x86_64.whl", hash = "sha256:d7806500e4f5bdd04095e849265e55de20d8cc4b661b038957354327f6d9b295"},
    {file = "numpy-1.25.2-cp39-cp39-musllinux_1_1_x86_64.whl", hash = "sha256:8b77775f4b7df768967a7c8b3567e309f617dd5e99aeb886fa14dc1a0791141f"},
    {file = "numpy-1.25.2-cp39-cp39-win32.whl", hash = "sha256:2792d23d62ec51e50ce4d4b7d73de8f67a2fd3ea710dcbc8563a51a03fb07b01"},
    {file = "numpy-1.25.2-cp39-cp39-win_amd64.whl", hash = "sha256:76b4115d42a7dfc5d485d358728cdd8719be33cc5ec6ec08632a5d6fca2ed380"},
    {file = "numpy-1.25.2-pp39-pypy39_pp73-macosx_10_9_x86_64.whl", hash = "sha256:1a1329e26f46230bf77b02cc19e900db9b52f398d6722ca853349a782d4cff55"},
    {file = "numpy-1.25.2-pp39-pypy39_pp73-manylinux_2_17_x86_64.manylinux2014_x86_64.whl", hash = "sha256:4c3abc71e8b6edba80a01a52e66d83c5d14433cbcd26a40c329ec7ed09f37901"},
    {file = "numpy-1.25.2-pp39-pypy39_pp73-win_amd64.whl", hash = "sha256:1b9735c27cea5d995496f46a8b1cd7b408b3f34b6d50459d9ac8fe3a20cc17bf"},
    {file = "numpy-1.25.2.tar.gz", hash = "sha256:fd608e19c8d7c55021dffd43bfe5492fab8cc105cc8986f813f8c3c048b38760"},
]

[[package]]
name = "pyclean"
version = "2.7.5"
description = "Pure Python cross-platform pyclean. Clean up your Python bytecode."
optional = false
python-versions = "*"
files = [
    {file = "pyclean-2.7.5-py3-none-any.whl", hash = "sha256:d0162d2515ee7eef8903cfac3e7c84e114b7423ebd098d1f56c93ee2dc01d214"},
    {file = "pyclean-2.7.5.tar.gz", hash = "sha256:5c5eb5771f46d2becd6ac085b0ff6ad17be315af4a01f9dd5e05b0582bb3d441"},
]

[[package]]
name = "pyledctrl"
version = "4.1.0"
description = "Compiler to convert LED light show scripts to bytecode format"
optional = true
python-versions = ">=3.9,<4.0"
files = [
    {file = "pyledctrl-4.1.0-py3-none-any.whl", hash = "sha256:fbb6864586287f50ba15d0b6760ae04a507e96fd6a4a825cfeb079a55bf7207a"},
    {file = "pyledctrl-4.1.0.tar.gz", hash = "sha256:065d90467879c1154ab0986b1a80273a27fcffda26cfdd5afd9737fbb084b110"},
]

[package.extras]
cli = ["click (>=8.1.3,<9.0.0)", "tqdm (>=4.64.1,<5.0.0)"]

[package.source]
type = "legacy"
url = "https://pypi.fury.io/skybrush"
reference = "fury"

[[package]]
name = "skybrush-studio"
version = "4.9.0"
description = "Drone show designer tools and scripting language"
optional = true
python-versions = ">=3.9,<4.0"
files = [
    {file = "skybrush_studio-4.9.0-py3-none-any.whl", hash = "sha256:b5011d63ce95423b6688c6206bf6721363202f3635fc7cea58a5eb31d9292671"},
    {file = "skybrush_studio-4.9.0.tar.gz", hash = "sha256:4e8a9d6d1c55303cff5c1771de10dbdb0d18bb4eae131f91196580dae94fb686"},
]

[package.dependencies]
jsonref = ">=1.1.0,<2.0.0"
natsort = ">=8.2.0,<9.0.0"
numpy = ">=1.25.2,<2.0.0"
pyledctrl = ">=4.1.0,<5.0.0"
svgpathtools = ">=1.6.1,<2.0.0"
webcolors = ">=1.13,<2.0"

[package.extras]
all = ["httpx (>=0.24.1)", "minilsap (>=0.2.0)"]
cmodules = ["minilsap (>=0.2.0)"]
labs = ["shapely (>=1.8.5,<2.0.0)"]
sharing = ["httpx (>=0.24.1)"]

[package.source]
type = "legacy"
url = "https://pypi.collmot.com/simple"
reference = "collmot"

[[package]]
name = "svgpathtools"
version = "1.6.1"
description = "A collection of tools for manipulating and analyzing SVG Path objects and Bezier curves."
optional = true
python-versions = "*"
files = [
    {file = "svgpathtools-1.6.1-py2.py3-none-any.whl", hash = "sha256:24ae4ce64f336f3f9260ef53eccb7bf4b85b1cb18574c41d5034668ffd05e94d"},
    {file = "svgpathtools-1.6.1.tar.gz", hash = "sha256:cab521a21d1b456aec2f9b04350fe14be6bae1a36a9bc32e3d09a8e0519b9857"},
]

[package.dependencies]
numpy = "*"
svgwrite = "*"

[package.extras]
all = ["scipy"]

[package.source]
type = "legacy"
url = "https://pypi.fury.io/skybrush"
reference = "fury"

[[package]]
name = "svgwrite"
version = "1.4.3"
description = "A Python library to create SVG drawings."
optional = true
python-versions = ">=3.6"
files = [
    {file = "svgwrite-1.4.3-py3-none-any.whl", hash = "sha256:bb6b2b5450f1edbfa597d924f9ac2dd099e625562e492021d7dd614f65f8a22d"},
    {file = "svgwrite-1.4.3.zip", hash = "sha256:a8fbdfd4443302a6619a7f76bc937fc683daf2628d9b737c891ec08b8ce524c3"},
]

[[package]]
name = "webcolors"
version = "1.13"
description = "A library for working with the color formats defined by HTML and CSS."
optional = true
python-versions = ">=3.7"
files = [
    {file = "webcolors-1.13-py3-none-any.whl", hash = "sha256:29bc7e8752c0a1bd4a1f03c14d6e6a72e93d82193738fa860cbff59d0fcc11bf"},
    {file = "webcolors-1.13.tar.gz", hash = "sha256:c225b674c83fa923be93d235330ce0300373d02885cef23238813b0d5668304a"},
]

[package.extras]
docs = ["furo", "sphinx", "sphinx-copybutton", "sphinx-inline-tabs", "sphinx-notfound-page", "sphinxext-opengraph"]
tests = ["pytest", "pytest-cov"]

[extras]
standalone = ["skybrush-studio", "svgpathtools"]

[metadata]
lock-version = "2.0"
python-versions = "^3.9"
content-hash = "6c4a24195a0b78811146817e8884519e558bfa0220d0df7e36e2a13394cc512f"
