[[package]]
name = "flockwave-net"
version = "3.0.1"
description = "Networking related functions for apps based on the Flockwave framework"
category = "main"
optional = true
python-versions = ">=3.7,<4.0"

[package.dependencies]
netifaces = ">=0.11.0"

[package.extras]
async = ["aio-net-events (>=3.0.0,<4.0.0)", "trio (>=0.19.0)"]

[package.source]
type = "legacy"
url = "https://pypi.fury.io/skybrush"
reference = "fury"

[[package]]
name = "natsort"
version = "8.2.0"
description = "Simple yet flexible natural sorting in Python."
category = "main"
optional = false
python-versions = ">=3.6"

[package.extras]
fast = ["fastnumbers (>=2.0.0)"]
icu = ["PyICU (>=1.0.0)"]

[[package]]
name = "netifaces"
version = "0.11.0"
description = "Portable network interface information."
category = "main"
optional = true
python-versions = "*"

[[package]]
name = "numpy"
version = "1.23.3"
description = "NumPy is the fundamental package for array computing with Python."
category = "main"
optional = true
python-versions = ">=3.8"

[[package]]
name = "pyclean"
version = "2.2.0"
description = "Pure Python cross-platform pyclean. Clean up your Python bytecode."
category = "dev"
optional = false
python-versions = "*"

[[package]]
name = "pyledctrl"
version = "4.0.1"
description = "Compiler to convert LED light show scripts to bytecode format"
category = "main"
optional = true
python-versions = ">=3.7,<4.0"

[package.extras]
cli = ["click (>=8.0.0,<9.0.0)", "tqdm (>=4.47.0,<5.0.0)"]

[package.source]
type = "legacy"
url = "https://pypi.fury.io/skybrush"
reference = "fury"

[[package]]
name = "skybrush-studio"
version = "3.5.1"
description = "Drone show designer tools and scripting language"
category = "main"
optional = true
python-versions = ">=3.8,<4.0"

[package.dependencies]
flockwave-net = ">=3.0.1,<4.0.0"
numpy = ">=1.22.3,<2.0.0"
pyledctrl = ">=4.0.0,<5.0.0"

[package.extras]
cli = ["flockwave-logger (>=1.7.2,<2.0.0)", "natsort (>=7.0.1,<8.0.0)", "pillow (>=9.0.1,<10.0.0)", "rich (>=12.3.0,<13.0.0)", "tablib (>=3.0.0,<4.0.0)"]
cmodules = ["minilsap (>=0.2.0,<0.3.0)"]
json = ["jsonref (>=0.2)"]
report = ["matplotlib (>=3.3.0,<4.0.0)"]

[package.source]
type = "legacy"
url = "https://pypi.collmot.com/simple"
reference = "collmot"

[extras]
standalone = ["skybrush-studio"]

[metadata]
lock-version = "1.1"
python-versions = "^3.8"
content-hash = "978d028b04a73c2b34ddc753b8cd19c5475e1186b888e4a0ccf6b7509570f950"

[metadata.files]
flockwave-net = [
    {file = "flockwave-net-3.0.1.tar.gz", hash = "sha256:b4b7d6b0b60985d99a4ba1060b5f29847e17064176abdad241d6c90306288193"},
    {file = "flockwave_net-3.0.1-py3-none-any.whl", hash = "sha256:58af9099fed7cd45acf1648332259532bf37e29208dfb32b716db24c5ad7676b"},
]
natsort = [
    {file = "natsort-8.2.0-py3-none-any.whl", hash = "sha256:04fe18fdd2b9e5957f19f687eb117f102ef8dde6b574764e536e91194bed4f5f"},
    {file = "natsort-8.2.0.tar.gz", hash = "sha256:57f85b72c688b09e053cdac302dd5b5b53df5f73ae20b4874fcbffd8bf783d11"},
]
netifaces = [
    {file = "netifaces-0.11.0-cp27-cp27m-manylinux_2_5_i686.manylinux1_i686.whl", hash = "sha256:eb4813b77d5df99903af4757ce980a98c4d702bbcb81f32a0b305a1537bdf0b1"},
    {file = "netifaces-0.11.0-cp27-cp27m-manylinux_2_5_x86_64.manylinux1_x86_64.whl", hash = "sha256:5f9ca13babe4d845e400921973f6165a4c2f9f3379c7abfc7478160e25d196a4"},
    {file = "netifaces-0.11.0-cp27-cp27m-win32.whl", hash = "sha256:7dbb71ea26d304e78ccccf6faccef71bb27ea35e259fb883cfd7fd7b4f17ecb1"},
    {file = "netifaces-0.11.0-cp27-cp27m-win_amd64.whl", hash = "sha256:0f6133ac02521270d9f7c490f0c8c60638ff4aec8338efeff10a1b51506abe85"},
    {file = "netifaces-0.11.0-cp27-cp27mu-manylinux_2_5_i686.manylinux1_i686.whl", hash = "sha256:08e3f102a59f9eaef70948340aeb6c89bd09734e0dca0f3b82720305729f63ea"},
    {file = "netifaces-0.11.0-cp27-cp27mu-manylinux_2_5_x86_64.manylinux1_x86_64.whl", hash = "sha256:c03fb2d4ef4e393f2e6ffc6376410a22a3544f164b336b3a355226653e5efd89"},
    {file = "netifaces-0.11.0-cp34-cp34m-win32.whl", hash = "sha256:73ff21559675150d31deea8f1f8d7e9a9a7e4688732a94d71327082f517fc6b4"},
    {file = "netifaces-0.11.0-cp35-cp35m-manylinux_2_5_i686.manylinux1_i686.whl", hash = "sha256:815eafdf8b8f2e61370afc6add6194bd5a7252ae44c667e96c4c1ecf418811e4"},
    {file = "netifaces-0.11.0-cp35-cp35m-manylinux_2_5_x86_64.manylinux1_x86_64.whl", hash = "sha256:50721858c935a76b83dd0dd1ab472cad0a3ef540a1408057624604002fcfb45b"},
    {file = "netifaces-0.11.0-cp35-cp35m-win32.whl", hash = "sha256:c9a3a47cd3aaeb71e93e681d9816c56406ed755b9442e981b07e3618fb71d2ac"},
    {file = "netifaces-0.11.0-cp36-cp36m-macosx_10_15_x86_64.whl", hash = "sha256:aab1dbfdc55086c789f0eb37affccf47b895b98d490738b81f3b2360100426be"},
    {file = "netifaces-0.11.0-cp36-cp36m-manylinux_2_5_i686.manylinux1_i686.whl", hash = "sha256:c37a1ca83825bc6f54dddf5277e9c65dec2f1b4d0ba44b8fd42bc30c91aa6ea1"},
    {file = "netifaces-0.11.0-cp36-cp36m-manylinux_2_5_x86_64.manylinux1_x86_64.whl", hash = "sha256:28f4bf3a1361ab3ed93c5ef360c8b7d4a4ae060176a3529e72e5e4ffc4afd8b0"},
    {file = "netifaces-0.11.0-cp36-cp36m-win32.whl", hash = "sha256:2650beee182fed66617e18474b943e72e52f10a24dc8cac1db36c41ee9c041b7"},
    {file = "netifaces-0.11.0-cp36-cp36m-win_amd64.whl", hash = "sha256:cb925e1ca024d6f9b4f9b01d83215fd00fe69d095d0255ff3f64bffda74025c8"},
    {file = "netifaces-0.11.0-cp37-cp37m-macosx_10_15_x86_64.whl", hash = "sha256:84e4d2e6973eccc52778735befc01638498781ce0e39aa2044ccfd2385c03246"},
    {file = "netifaces-0.11.0-cp37-cp37m-manylinux_2_5_i686.manylinux1_i686.whl", hash = "sha256:18917fbbdcb2d4f897153c5ddbb56b31fa6dd7c3fa9608b7e3c3a663df8206b5"},
    {file = "netifaces-0.11.0-cp37-cp37m-manylinux_2_5_x86_64.manylinux1_x86_64.whl", hash = "sha256:48324183af7f1bc44f5f197f3dad54a809ad1ef0c78baee2c88f16a5de02c4c9"},
    {file = "netifaces-0.11.0-cp37-cp37m-win32.whl", hash = "sha256:8f7da24eab0d4184715d96208b38d373fd15c37b0dafb74756c638bd619ba150"},
    {file = "netifaces-0.11.0-cp37-cp37m-win_amd64.whl", hash = "sha256:2479bb4bb50968089a7c045f24d120f37026d7e802ec134c4490eae994c729b5"},
    {file = "netifaces-0.11.0-cp38-cp38-macosx_10_15_x86_64.whl", hash = "sha256:3ecb3f37c31d5d51d2a4d935cfa81c9bc956687c6f5237021b36d6fdc2815b2c"},
    {file = "netifaces-0.11.0-cp38-cp38-manylinux_2_5_i686.manylinux1_i686.whl", hash = "sha256:96c0fe9696398253f93482c84814f0e7290eee0bfec11563bd07d80d701280c3"},
    {file = "netifaces-0.11.0-cp38-cp38-manylinux_2_5_x86_64.manylinux1_x86_64.whl", hash = "sha256:c92ff9ac7c2282009fe0dcb67ee3cd17978cffbe0c8f4b471c00fe4325c9b4d4"},
    {file = "netifaces-0.11.0-cp38-cp38-win32.whl", hash = "sha256:d07b01c51b0b6ceb0f09fc48ec58debd99d2c8430b09e56651addeaf5de48048"},
    {file = "netifaces-0.11.0-cp38-cp38-win_amd64.whl", hash = "sha256:469fc61034f3daf095e02f9f1bbac07927b826c76b745207287bc594884cfd05"},
    {file = "netifaces-0.11.0-cp39-cp39-macosx_10_15_x86_64.whl", hash = "sha256:5be83986100ed1fdfa78f11ccff9e4757297735ac17391b95e17e74335c2047d"},
    {file = "netifaces-0.11.0-cp39-cp39-macosx_11_0_arm64.whl", hash = "sha256:54ff6624eb95b8a07e79aa8817288659af174e954cca24cdb0daeeddfc03c4ff"},
    {file = "netifaces-0.11.0-cp39-cp39-manylinux_2_5_i686.manylinux1_i686.whl", hash = "sha256:841aa21110a20dc1621e3dd9f922c64ca64dd1eb213c47267a2c324d823f6c8f"},
    {file = "netifaces-0.11.0-cp39-cp39-manylinux_2_5_x86_64.manylinux1_x86_64.whl", hash = "sha256:e76c7f351e0444721e85f975ae92718e21c1f361bda946d60a214061de1f00a1"},
    {file = "netifaces-0.11.0.tar.gz", hash = "sha256:043a79146eb2907edf439899f262b3dfe41717d34124298ed281139a8b93ca32"},
]
numpy = [
    {file = "numpy-1.23.3-cp310-cp310-macosx_10_9_x86_64.whl", hash = "sha256:c9f707b5bb73bf277d812ded9896f9512a43edff72712f31667d0a8c2f8e71ee"},
    {file = "numpy-1.23.3-cp310-cp310-macosx_11_0_arm64.whl", hash = "sha256:ffcf105ecdd9396e05a8e58e81faaaf34d3f9875f137c7372450baa5d77c9a54"},
    {file = "numpy-1.23.3-cp310-cp310-manylinux_2_17_aarch64.manylinux2014_aarch64.whl", hash = "sha256:0ea3f98a0ffce3f8f57675eb9119f3f4edb81888b6874bc1953f91e0b1d4f440"},
    {file = "numpy-1.23.3-cp310-cp310-manylinux_2_17_x86_64.manylinux2014_x86_64.whl", hash = "sha256:004f0efcb2fe1c0bd6ae1fcfc69cc8b6bf2407e0f18be308612007a0762b4089"},
    {file = "numpy-1.23.3-cp310-cp310-win32.whl", hash = "sha256:98dcbc02e39b1658dc4b4508442a560fe3ca5ca0d989f0df062534e5ca3a5c1a"},
    {file = "numpy-1.23.3-cp310-cp310-win_amd64.whl", hash = "sha256:39a664e3d26ea854211867d20ebcc8023257c1800ae89773cbba9f9e97bae036"},
    {file = "numpy-1.23.3-cp311-cp311-macosx_10_9_x86_64.whl", hash = "sha256:1f27b5322ac4067e67c8f9378b41c746d8feac8bdd0e0ffede5324667b8a075c"},
    {file = "numpy-1.23.3-cp311-cp311-macosx_11_0_arm64.whl", hash = "sha256:2ad3ec9a748a8943e6eb4358201f7e1c12ede35f510b1a2221b70af4bb64295c"},
    {file = "numpy-1.23.3-cp311-cp311-manylinux_2_17_aarch64.manylinux2014_aarch64.whl", hash = "sha256:bdc9febce3e68b697d931941b263c59e0c74e8f18861f4064c1f712562903411"},
    {file = "numpy-1.23.3-cp311-cp311-manylinux_2_17_x86_64.manylinux2014_x86_64.whl", hash = "sha256:301c00cf5e60e08e04d842fc47df641d4a181e651c7135c50dc2762ffe293dbd"},
    {file = "numpy-1.23.3-cp311-cp311-win32.whl", hash = "sha256:7cd1328e5bdf0dee621912f5833648e2daca72e3839ec1d6695e91089625f0b4"},
    {file = "numpy-1.23.3-cp311-cp311-win_amd64.whl", hash = "sha256:8355fc10fd33a5a70981a5b8a0de51d10af3688d7a9e4a34fcc8fa0d7467bb7f"},
    {file = "numpy-1.23.3-cp38-cp38-macosx_10_9_x86_64.whl", hash = "sha256:bc6e8da415f359b578b00bcfb1d08411c96e9a97f9e6c7adada554a0812a6cc6"},
    {file = "numpy-1.23.3-cp38-cp38-macosx_11_0_arm64.whl", hash = "sha256:22d43376ee0acd547f3149b9ec12eec2f0ca4a6ab2f61753c5b29bb3e795ac4d"},
    {file = "numpy-1.23.3-cp38-cp38-manylinux_2_17_aarch64.manylinux2014_aarch64.whl", hash = "sha256:a64403f634e5ffdcd85e0b12c08f04b3080d3e840aef118721021f9b48fc1460"},
    {file = "numpy-1.23.3-cp38-cp38-manylinux_2_17_x86_64.manylinux2014_x86_64.whl", hash = "sha256:efd9d3abe5774404becdb0748178b48a218f1d8c44e0375475732211ea47c67e"},
    {file = "numpy-1.23.3-cp38-cp38-win32.whl", hash = "sha256:f8c02ec3c4c4fcb718fdf89a6c6f709b14949408e8cf2a2be5bfa9c49548fd85"},
    {file = "numpy-1.23.3-cp38-cp38-win_amd64.whl", hash = "sha256:e868b0389c5ccfc092031a861d4e158ea164d8b7fdbb10e3b5689b4fc6498df6"},
    {file = "numpy-1.23.3-cp39-cp39-macosx_10_9_x86_64.whl", hash = "sha256:09f6b7bdffe57fc61d869a22f506049825d707b288039d30f26a0d0d8ea05164"},
    {file = "numpy-1.23.3-cp39-cp39-macosx_11_0_arm64.whl", hash = "sha256:8c79d7cf86d049d0c5089231a5bcd31edb03555bd93d81a16870aa98c6cfb79d"},
    {file = "numpy-1.23.3-cp39-cp39-manylinux_2_17_aarch64.manylinux2014_aarch64.whl", hash = "sha256:e5d5420053bbb3dd64c30e58f9363d7a9c27444c3648e61460c1237f9ec3fa14"},
    {file = "numpy-1.23.3-cp39-cp39-manylinux_2_17_x86_64.manylinux2014_x86_64.whl", hash = "sha256:d5422d6a1ea9b15577a9432e26608c73a78faf0b9039437b075cf322c92e98e7"},
    {file = "numpy-1.23.3-cp39-cp39-win32.whl", hash = "sha256:c1ba66c48b19cc9c2975c0d354f24058888cdc674bebadceb3cdc9ec403fb5d1"},
    {file = "numpy-1.23.3-cp39-cp39-win_amd64.whl", hash = "sha256:78a63d2df1d947bd9d1b11d35564c2f9e4b57898aae4626638056ec1a231c40c"},
    {file = "numpy-1.23.3-pp38-pypy38_pp73-macosx_10_9_x86_64.whl", hash = "sha256:17c0e467ade9bda685d5ac7f5fa729d8d3e76b23195471adae2d6a6941bd2c18"},
    {file = "numpy-1.23.3-pp38-pypy38_pp73-manylinux_2_17_x86_64.manylinux2014_x86_64.whl", hash = "sha256:91b8d6768a75247026e951dce3b2aac79dc7e78622fc148329135ba189813584"},
    {file = "numpy-1.23.3-pp38-pypy38_pp73-win_amd64.whl", hash = "sha256:94c15ca4e52671a59219146ff584488907b1f9b3fc232622b47e2cf832e94fb8"},
    {file = "numpy-1.23.3.tar.gz", hash = "sha256:51bf49c0cd1d52be0a240aa66f3458afc4b95d8993d2d04f0d91fa60c10af6cd"},
]
pyclean = [
    {file = "pyclean-2.2.0-py3-none-any.whl", hash = "sha256:5f99597b76249b71b86d8e9aff1e69dfdc0b1976d14ce366e07b28dc6f7a8ee6"},
    {file = "pyclean-2.2.0.tar.gz", hash = "sha256:48f1801804fa2f04f2c64348da8bd61797fc9722e1120c470d5cc67a205843c7"},
]
pyledctrl = [
    {file = "pyledctrl-4.0.1-py3-none-any.whl", hash = "sha256:d608c85746b0aa6d1a31e5fdef8ca0495cf64fa4335cd016a91816ab93025c5f"},
    {file = "pyledctrl-4.0.1.tar.gz", hash = "sha256:6644dbd568b6b1cfc49690d80c7259988aeb582c2d0a6a41a4c3dafee1956591"},
]
skybrush-studio = [
    {file = "skybrush-studio-3.5.1.tar.gz", hash = "sha256:34ad5186b6c4777f9402b718bec2b5cb5f9ee3df4bb65d4f5d7cfe72ad08e39b"},
    {file = "skybrush_studio-3.5.1-py3-none-any.whl", hash = "sha256:29db85d696e3b9c1ef9719ac2667ad4e51bd2d4e97bb06aeec12d68f857fc966"},
]
