[[package]]
name = "natsort"
version = "7.1.0"
description = "Simple yet flexible natural sorting in Python."
category = "main"
optional = false
python-versions = ">=3.4"

[package.extras]
fast = ["fastnumbers (>=2.0.0)"]
icu = ["PyICU (>=1.0.0)"]

[metadata]
lock-version = "1.1"
python-versions = "^3.7"
content-hash = "03286e9315b2bb016bfb788c4ca8425b89dd30a249bd1b1f0ac0cd02d4bb100b"

[metadata.files]
natsort = [
    {file = "natsort-7.1.0-py3-none-any.whl", hash = "sha256:161dfaa30a820a4a274d4eab1f693300990a1be05ae5724af0cc6d3b530fc979"},
    {file = "natsort-7.1.0.tar.gz", hash = "sha256:33f3f1003e2af4b4df20908fe62aa029999d136b966463746942efbfc821add3"},
]
